{
  "name": "daysmart-cdk-constructs",
  "version": "1.0.0",
  "lockfileVersion": 1,
  "requires": true,
  "dependencies": {
    "@aws-cdk/assets": {
      "version": "1.84.0",
      "resolved": "https://registry.npmjs.org/@aws-cdk/assets/-/assets-1.84.0.tgz",
      "integrity": "sha512-KxVqc0dEqnd4E9krJh0YTsm7VezE1rhN1Vsb57HyuMPknaQrDNbkvlVp6wjEWzBatjzN9TK/H1QH7apfdiObnw==",
      "requires": {
        "@aws-cdk/core": "1.84.0",
        "@aws-cdk/cx-api": "1.84.0",
        "constructs": "^3.2.0"
      }
    },
    "@aws-cdk/aws-applicationautoscaling": {
      "version": "1.84.0",
      "resolved": "https://registry.npmjs.org/@aws-cdk/aws-applicationautoscaling/-/aws-applicationautoscaling-1.84.0.tgz",
      "integrity": "sha512-KVFGdQy4MU1ddxEssaTVeuXfVkOF8aTn2gUE3X3AVs/2PldYbva58Gw05it//kD0IwwH1oMsDyqeUjLwWqhAMg==",
      "requires": {
        "@aws-cdk/aws-autoscaling-common": "1.84.0",
        "@aws-cdk/aws-cloudwatch": "1.84.0",
        "@aws-cdk/aws-iam": "1.84.0",
        "@aws-cdk/core": "1.84.0",
        "constructs": "^3.2.0"
      }
    },
    "@aws-cdk/aws-autoscaling-common": {
      "version": "1.84.0",
      "resolved": "https://registry.npmjs.org/@aws-cdk/aws-autoscaling-common/-/aws-autoscaling-common-1.84.0.tgz",
      "integrity": "sha512-BHDInvig9U/X/RydCZj32ZEpAMsd+jk0SDPbY9txTbENo9rp1/h2o7+rhGoMzDNlP40+Q0CS3wnJ8/kt7CceaA==",
      "requires": {
        "@aws-cdk/aws-iam": "1.84.0",
        "@aws-cdk/core": "1.84.0",
        "constructs": "^3.2.0"
      }
    },
    "@aws-cdk/aws-certificatemanager": {
      "version": "1.84.0",
      "resolved": "https://registry.npmjs.org/@aws-cdk/aws-certificatemanager/-/aws-certificatemanager-1.84.0.tgz",
      "integrity": "sha512-H4lkFp0CX+SxVhvq9wFB2HmF3BeQmKRYx157/u2Mue0TjADAwxGj0ui44jqiUf2ng2gTsCcSDTzr40Q6LuuyuQ==",
      "requires": {
        "@aws-cdk/aws-iam": "1.84.0",
        "@aws-cdk/aws-lambda": "1.84.0",
        "@aws-cdk/aws-route53": "1.84.0",
        "@aws-cdk/core": "1.84.0",
        "constructs": "^3.2.0"
      }
    },
    "@aws-cdk/aws-cloudformation": {
      "version": "1.84.0",
      "resolved": "https://registry.npmjs.org/@aws-cdk/aws-cloudformation/-/aws-cloudformation-1.84.0.tgz",
      "integrity": "sha512-GGp1mQLnXX1tz4YyOMPY/JOWDDGdpWd4uWzxq7LSOkVkyWMjafNiFxhyhV0dpIFuGtxEm/+Vgj8LVxTpKZG9fA==",
      "requires": {
        "@aws-cdk/aws-iam": "1.84.0",
        "@aws-cdk/aws-lambda": "1.84.0",
        "@aws-cdk/aws-s3": "1.84.0",
        "@aws-cdk/aws-sns": "1.84.0",
        "@aws-cdk/core": "1.84.0",
        "@aws-cdk/cx-api": "1.84.0",
        "constructs": "^3.2.0"
      }
    },
    "@aws-cdk/aws-cloudfront": {
      "version": "1.84.0",
      "resolved": "https://registry.npmjs.org/@aws-cdk/aws-cloudfront/-/aws-cloudfront-1.84.0.tgz",
      "integrity": "sha512-aGlWN6vnJZEte3LZdp8QPHTf2+GCzCawrroze7CebXpVXq/4/RiqArbv1hjln+r/iTYvz5Nf7TemZPLUrZE0AA==",
      "requires": {
        "@aws-cdk/aws-certificatemanager": "1.84.0",
        "@aws-cdk/aws-cloudwatch": "1.84.0",
        "@aws-cdk/aws-ec2": "1.84.0",
        "@aws-cdk/aws-iam": "1.84.0",
        "@aws-cdk/aws-kms": "1.84.0",
        "@aws-cdk/aws-lambda": "1.84.0",
        "@aws-cdk/aws-s3": "1.84.0",
        "@aws-cdk/aws-ssm": "1.84.0",
        "@aws-cdk/core": "1.84.0",
        "constructs": "^3.2.0"
      }
    },
    "@aws-cdk/aws-cloudwatch": {
      "version": "1.84.0",
      "resolved": "https://registry.npmjs.org/@aws-cdk/aws-cloudwatch/-/aws-cloudwatch-1.84.0.tgz",
      "integrity": "sha512-cBNXEWFZWO/9iH21uaLbn8QhMrQmLm5fLE4g+b/4Nm6S0+muzU8omMAuzAQNlSDZhLlHGOMs4mA2QeNhjR9khg==",
      "requires": {
        "@aws-cdk/aws-iam": "1.84.0",
        "@aws-cdk/core": "1.84.0",
        "constructs": "^3.2.0"
      }
    },
    "@aws-cdk/aws-codeguruprofiler": {
      "version": "1.84.0",
      "resolved": "https://registry.npmjs.org/@aws-cdk/aws-codeguruprofiler/-/aws-codeguruprofiler-1.84.0.tgz",
      "integrity": "sha512-yoIsY7ubFpitjxsMiTyZsNq2FL4JdBKxO2pMAB7mTJx435WPheeig3JNT0wTefMFbQqXtYOVGVK2JMkRegeFkA==",
      "requires": {
        "@aws-cdk/aws-iam": "1.84.0",
        "@aws-cdk/core": "1.84.0",
        "constructs": "^3.2.0"
      }
    },
    "@aws-cdk/aws-ec2": {
      "version": "1.84.0",
      "resolved": "https://registry.npmjs.org/@aws-cdk/aws-ec2/-/aws-ec2-1.84.0.tgz",
      "integrity": "sha512-Ugu2wTi61u8lz5IA2Ge9AoJl85ri6IybwP56HI6OBz4Dm0Dbt9TSTGO7ZTFF79ZboSy7e4KYOVnhIFSfUxj7uA==",
      "requires": {
        "@aws-cdk/aws-cloudwatch": "1.84.0",
        "@aws-cdk/aws-iam": "1.84.0",
        "@aws-cdk/aws-kms": "1.84.0",
        "@aws-cdk/aws-logs": "1.84.0",
        "@aws-cdk/aws-s3": "1.84.0",
        "@aws-cdk/aws-s3-assets": "1.84.0",
        "@aws-cdk/aws-ssm": "1.84.0",
        "@aws-cdk/cloud-assembly-schema": "1.84.0",
        "@aws-cdk/core": "1.84.0",
        "@aws-cdk/cx-api": "1.84.0",
        "@aws-cdk/region-info": "1.84.0",
        "constructs": "^3.2.0"
      }
    },
    "@aws-cdk/aws-ecr": {
      "version": "1.84.0",
      "resolved": "https://registry.npmjs.org/@aws-cdk/aws-ecr/-/aws-ecr-1.84.0.tgz",
      "integrity": "sha512-Sa9ek84QAzP0DXjnq3CTOkNkwD2OTtdKbXafnuRwoK+lk2f/IhiidRb166xNo8L11bwLpaApzQfbNCx1Zpggyg==",
      "requires": {
        "@aws-cdk/aws-events": "1.84.0",
        "@aws-cdk/aws-iam": "1.84.0",
        "@aws-cdk/core": "1.84.0",
        "constructs": "^3.2.0"
      }
    },
    "@aws-cdk/aws-ecr-assets": {
      "version": "1.84.0",
      "resolved": "https://registry.npmjs.org/@aws-cdk/aws-ecr-assets/-/aws-ecr-assets-1.84.0.tgz",
      "integrity": "sha512-xVBJBXAecSP23L+R9kqF5bF8gZj89d2aClFJSEN9djX5ONIhkNlx89wXUsC8vMByQcKj7a7WlNYwzpeQ0BIrXA==",
      "requires": {
        "@aws-cdk/assets": "1.84.0",
        "@aws-cdk/aws-ecr": "1.84.0",
        "@aws-cdk/aws-iam": "1.84.0",
        "@aws-cdk/aws-s3": "1.84.0",
        "@aws-cdk/core": "1.84.0",
        "@aws-cdk/cx-api": "1.84.0",
        "constructs": "^3.2.0",
        "minimatch": "^3.0.4"
      },
      "dependencies": {
        "balanced-match": {
          "version": "1.0.0",
          "bundled": true
        },
        "brace-expansion": {
          "version": "1.1.11",
          "bundled": true,
          "requires": {
            "balanced-match": "^1.0.0",
            "concat-map": "0.0.1"
          }
        },
        "concat-map": {
          "version": "0.0.1",
          "bundled": true
        },
        "minimatch": {
          "version": "3.0.4",
          "bundled": true,
          "requires": {
            "brace-expansion": "^1.1.7"
          }
        }
      }
    },
    "@aws-cdk/aws-efs": {
      "version": "1.84.0",
      "resolved": "https://registry.npmjs.org/@aws-cdk/aws-efs/-/aws-efs-1.84.0.tgz",
      "integrity": "sha512-1cjNKo0Upm+ZCIAwpFtBE22NGAzU2jcts4uh98c0cwEI7tnOVUZXkGodmSaTlZyB2cQjtHjHhnVguuS8ZG97Yg==",
      "requires": {
        "@aws-cdk/aws-ec2": "1.84.0",
        "@aws-cdk/aws-kms": "1.84.0",
        "@aws-cdk/cloud-assembly-schema": "1.84.0",
        "@aws-cdk/core": "1.84.0",
        "@aws-cdk/cx-api": "1.84.0",
        "constructs": "^3.2.0"
      }
    },
    "@aws-cdk/aws-events": {
      "version": "1.84.0",
      "resolved": "https://registry.npmjs.org/@aws-cdk/aws-events/-/aws-events-1.84.0.tgz",
      "integrity": "sha512-4FGMf7+2g5PI72nrZ3uzm//XXyZl19wom3wZ8Zb/XaJ52SFTf73MDkshDLQEiG1fbLztW+fAJwdd40eVtoadbg==",
      "requires": {
        "@aws-cdk/aws-iam": "1.84.0",
        "@aws-cdk/core": "1.84.0",
        "constructs": "^3.2.0"
      }
    },
    "@aws-cdk/aws-iam": {
      "version": "1.84.0",
      "resolved": "https://registry.npmjs.org/@aws-cdk/aws-iam/-/aws-iam-1.84.0.tgz",
      "integrity": "sha512-KiUkwLRjaIj9ARLhThA82kIsl1+l6ijukmGpF1FNLPl3spIiLlxCaEc3YHWJosVmcJwQY+ry+9xStG6BWZ1xDA==",
      "requires": {
        "@aws-cdk/core": "1.84.0",
        "@aws-cdk/region-info": "1.84.0",
        "constructs": "^3.2.0"
      }
    },
    "@aws-cdk/aws-kms": {
      "version": "1.84.0",
      "resolved": "https://registry.npmjs.org/@aws-cdk/aws-kms/-/aws-kms-1.84.0.tgz",
      "integrity": "sha512-qh5ZT9pi0vnz4OR9FSQviU9aOIg8ro+zlvxqDz3UYjqL3xEm9yTaNwAjcCKNFvLvuflB2+p0ZbjqpOpFrB1igQ==",
      "requires": {
        "@aws-cdk/aws-iam": "1.84.0",
        "@aws-cdk/core": "1.84.0",
        "@aws-cdk/cx-api": "1.84.0",
        "constructs": "^3.2.0"
      }
    },
    "@aws-cdk/aws-lambda": {
      "version": "1.84.0",
      "resolved": "https://registry.npmjs.org/@aws-cdk/aws-lambda/-/aws-lambda-1.84.0.tgz",
      "integrity": "sha512-eQE/rsJSN0upYLmP7NjEcN2mSiw43fBC1S1HLSIz5C+QTaajtdgDhtq5fASB6jyb8ZLQ81RLGShp9Ly/JD2/KA==",
      "requires": {
        "@aws-cdk/aws-applicationautoscaling": "1.84.0",
        "@aws-cdk/aws-cloudwatch": "1.84.0",
        "@aws-cdk/aws-codeguruprofiler": "1.84.0",
        "@aws-cdk/aws-ec2": "1.84.0",
        "@aws-cdk/aws-ecr": "1.84.0",
        "@aws-cdk/aws-ecr-assets": "1.84.0",
        "@aws-cdk/aws-efs": "1.84.0",
        "@aws-cdk/aws-events": "1.84.0",
        "@aws-cdk/aws-iam": "1.84.0",
        "@aws-cdk/aws-kms": "1.84.0",
        "@aws-cdk/aws-logs": "1.84.0",
        "@aws-cdk/aws-s3": "1.84.0",
        "@aws-cdk/aws-s3-assets": "1.84.0",
        "@aws-cdk/aws-sqs": "1.84.0",
        "@aws-cdk/core": "1.84.0",
        "@aws-cdk/cx-api": "1.84.0",
        "constructs": "^3.2.0"
      }
    },
    "@aws-cdk/aws-logs": {
      "version": "1.84.0",
      "resolved": "https://registry.npmjs.org/@aws-cdk/aws-logs/-/aws-logs-1.84.0.tgz",
      "integrity": "sha512-504hr3gryEmzoiPSRqWWcD0D9U79HUT78Phu9R0iRnXxexhL0gzFrHwwhj7HjZObrHz7N6pecUQR/yqFz7m1vA==",
      "requires": {
        "@aws-cdk/aws-cloudwatch": "1.84.0",
        "@aws-cdk/aws-iam": "1.84.0",
        "@aws-cdk/aws-kms": "1.84.0",
        "@aws-cdk/aws-s3-assets": "1.84.0",
        "@aws-cdk/core": "1.84.0",
        "constructs": "^3.2.0"
      }
    },
    "@aws-cdk/aws-route53": {
      "version": "1.84.0",
      "resolved": "https://registry.npmjs.org/@aws-cdk/aws-route53/-/aws-route53-1.84.0.tgz",
      "integrity": "sha512-p8N6KfGq5wuHSVN8wQvAn8spvzuiU9IuLnf7yqnbNpNYVL5FBD+r/nz3cdIZgdG8O8TJNo1p4CnRm+M7mFEtUg==",
      "requires": {
        "@aws-cdk/aws-ec2": "1.84.0",
        "@aws-cdk/aws-logs": "1.84.0",
        "@aws-cdk/cloud-assembly-schema": "1.84.0",
        "@aws-cdk/core": "1.84.0",
        "@aws-cdk/custom-resources": "1.84.0",
        "constructs": "^3.2.0"
      }
    },
    "@aws-cdk/aws-s3": {
      "version": "1.84.0",
      "resolved": "https://registry.npmjs.org/@aws-cdk/aws-s3/-/aws-s3-1.84.0.tgz",
      "integrity": "sha512-8MIYBfDBZM2ePzEqjFtBvve3l/Dra2Ah9jiP4r1IY5tSFkHgLO1P9ahBe8ctUlRcOHSo0jApQFsulBI8xYkTzQ==",
      "requires": {
        "@aws-cdk/aws-events": "1.84.0",
        "@aws-cdk/aws-iam": "1.84.0",
        "@aws-cdk/aws-kms": "1.84.0",
        "@aws-cdk/core": "1.84.0",
        "constructs": "^3.2.0"
      }
    },
    "@aws-cdk/aws-s3-assets": {
      "version": "1.84.0",
      "resolved": "https://registry.npmjs.org/@aws-cdk/aws-s3-assets/-/aws-s3-assets-1.84.0.tgz",
      "integrity": "sha512-b8VMBFNZAPd+z1LvD8hIuDc98qloyq+becyr5zwaXbKwN2LLmgHskf2YtAcFJlapX9/5M4rwnpKJ6c1m6CLlPQ==",
      "requires": {
        "@aws-cdk/assets": "1.84.0",
        "@aws-cdk/aws-iam": "1.84.0",
        "@aws-cdk/aws-kms": "1.84.0",
        "@aws-cdk/aws-s3": "1.84.0",
        "@aws-cdk/core": "1.84.0",
        "@aws-cdk/cx-api": "1.84.0",
        "constructs": "^3.2.0"
      }
    },
    "@aws-cdk/aws-sns": {
      "version": "1.84.0",
      "resolved": "https://registry.npmjs.org/@aws-cdk/aws-sns/-/aws-sns-1.84.0.tgz",
      "integrity": "sha512-X2xW2OlZW5iJNPLkXzcDs1RnWKijuk3kxzBXDS1MI/P4ip3vrSiGFwhbGMLlBX+M4oSfaDI2ukU6VenBXqXLJA==",
      "requires": {
        "@aws-cdk/aws-cloudwatch": "1.84.0",
        "@aws-cdk/aws-events": "1.84.0",
        "@aws-cdk/aws-iam": "1.84.0",
        "@aws-cdk/aws-kms": "1.84.0",
        "@aws-cdk/aws-sqs": "1.84.0",
        "@aws-cdk/core": "1.84.0",
        "constructs": "^3.2.0"
      }
    },
    "@aws-cdk/aws-sqs": {
      "version": "1.84.0",
      "resolved": "https://registry.npmjs.org/@aws-cdk/aws-sqs/-/aws-sqs-1.84.0.tgz",
      "integrity": "sha512-tZPTtaEUTSm1bAql4CX5oYKjN3qFyB0cQlZjArIpL+qx6tblh3Ojg/MdPQgQEzSpJ/Yh0WRtLdunFNzCddza1w==",
      "requires": {
        "@aws-cdk/aws-cloudwatch": "1.84.0",
        "@aws-cdk/aws-iam": "1.84.0",
        "@aws-cdk/aws-kms": "1.84.0",
        "@aws-cdk/core": "1.84.0",
        "constructs": "^3.2.0"
      }
    },
    "@aws-cdk/aws-ssm": {
      "version": "1.84.0",
      "resolved": "https://registry.npmjs.org/@aws-cdk/aws-ssm/-/aws-ssm-1.84.0.tgz",
      "integrity": "sha512-65tbJoeH9wQXhYhZk423BU+kGIgt24+X+vMQeAwOta460jRcbuBeqFeRQaIrHe53KVAmLmYbygkLtuSBpNucxA==",
      "requires": {
        "@aws-cdk/aws-iam": "1.84.0",
        "@aws-cdk/aws-kms": "1.84.0",
        "@aws-cdk/cloud-assembly-schema": "1.84.0",
        "@aws-cdk/core": "1.84.0",
        "constructs": "^3.2.0"
      }
    },
    "@aws-cdk/cloud-assembly-schema": {
      "version": "1.84.0",
      "resolved": "https://registry.npmjs.org/@aws-cdk/cloud-assembly-schema/-/cloud-assembly-schema-1.84.0.tgz",
      "integrity": "sha512-v/Oa0v7akHBe9M0n9tj+Etkya2d6j3N2CNSf3uNyCG2S0sHS+G0PLT/nryUIAcG5jf3kZ/XXJhKEP2p6t36Gqg==",
      "requires": {
        "jsonschema": "^1.4.0",
        "semver": "^7.3.2"
      },
      "dependencies": {
        "jsonschema": {
          "version": "1.4.0",
          "bundled": true
        },
        "semver": {
          "version": "7.3.2",
          "bundled": true
        }
      }
    },
    "@aws-cdk/core": {
      "version": "1.84.0",
      "resolved": "https://registry.npmjs.org/@aws-cdk/core/-/core-1.84.0.tgz",
      "integrity": "sha512-mMcerIKjRqIQYoMp/h8qqBG2QSrvCZDVf1VEtMTkl1EsnoOiDAh2bR1HKK8Q1iLIMp3RM8myfytU8JWB051vSg==",
      "requires": {
        "@aws-cdk/cloud-assembly-schema": "1.84.0",
        "@aws-cdk/cx-api": "1.84.0",
        "@aws-cdk/region-info": "1.84.0",
        "@balena/dockerignore": "^1.0.2",
        "constructs": "^3.2.0",
        "fs-extra": "^9.0.1",
        "ignore": "^5.1.8",
        "minimatch": "^3.0.4"
      },
      "dependencies": {
        "@balena/dockerignore": {
          "version": "1.0.2",
          "bundled": true
        },
        "at-least-node": {
          "version": "1.0.0",
          "bundled": true
        },
        "balanced-match": {
          "version": "1.0.0",
          "bundled": true
        },
        "brace-expansion": {
          "version": "1.1.11",
          "bundled": true,
          "requires": {
            "balanced-match": "^1.0.0",
            "concat-map": "0.0.1"
          }
        },
        "concat-map": {
          "version": "0.0.1",
          "bundled": true
        },
        "fs-extra": {
          "version": "9.0.1",
          "bundled": true,
          "requires": {
            "at-least-node": "^1.0.0",
            "graceful-fs": "^4.2.0",
            "jsonfile": "^6.0.1",
            "universalify": "^1.0.0"
          }
        },
        "graceful-fs": {
          "version": "4.2.4",
          "bundled": true
        },
        "ignore": {
          "version": "5.1.8",
          "bundled": true
        },
        "jsonfile": {
          "version": "6.1.0",
          "bundled": true,
          "requires": {
            "graceful-fs": "^4.1.6",
            "universalify": "^2.0.0"
          },
          "dependencies": {
            "universalify": {
              "version": "2.0.0",
              "bundled": true
            }
          }
        },
        "minimatch": {
          "version": "3.0.4",
          "bundled": true,
          "requires": {
            "brace-expansion": "^1.1.7"
          }
        },
        "universalify": {
          "version": "1.0.0",
          "bundled": true
        }
      }
    },
    "@aws-cdk/custom-resources": {
      "version": "1.84.0",
      "resolved": "https://registry.npmjs.org/@aws-cdk/custom-resources/-/custom-resources-1.84.0.tgz",
      "integrity": "sha512-m9v7N535c6TW/mTdECwgUgnqqEIdbeoRQdaWmXcQAXVGz906i18aGV5Mf8vHkjEVt7fqKDjjGMvjX1c7Ssx+FA==",
      "requires": {
        "@aws-cdk/aws-cloudformation": "1.84.0",
        "@aws-cdk/aws-ec2": "1.84.0",
        "@aws-cdk/aws-iam": "1.84.0",
        "@aws-cdk/aws-lambda": "1.84.0",
        "@aws-cdk/aws-logs": "1.84.0",
        "@aws-cdk/aws-sns": "1.84.0",
        "@aws-cdk/core": "1.84.0",
        "constructs": "^3.2.0"
      }
    },
    "@aws-cdk/cx-api": {
      "version": "1.84.0",
      "resolved": "https://registry.npmjs.org/@aws-cdk/cx-api/-/cx-api-1.84.0.tgz",
      "integrity": "sha512-IB+zlFIb1ak1pmYmfvpSEMKfa6sSI0Db9fubTNKlhuMnmUJlLWmlFezEsVwuB6e1CMD/uu6Dw3bcnqwWJ+Tdjw==",
      "requires": {
        "@aws-cdk/cloud-assembly-schema": "1.84.0",
        "semver": "^7.3.2"
      },
      "dependencies": {
        "semver": {
          "version": "7.3.2",
          "bundled": true
        }
      }
    },
    "@aws-cdk/region-info": {
      "version": "1.84.0",
      "resolved": "https://registry.npmjs.org/@aws-cdk/region-info/-/region-info-1.84.0.tgz",
      "integrity": "sha512-5TDyw9trRK0MUcjCTVPWmXDeltDJOg2OPc4pLmaS1ZitpfeV59ZJlm2P4pEw+qAMDd57YEGSK5e/6JXR1tXHqg=="
    },
    "constructs": {
      "version": "3.2.101",
      "resolved": "https://registry.npmjs.org/constructs/-/constructs-3.2.101.tgz",
      "integrity": "sha512-YJ9rZ6giIWNy7++92vQihY1UcxD3yf8f5LiqtdOswvNHyzPkT8sC6euEbN7XKfE+l0Kf3/UzqzqYMizIVDvZrw=="
    }
  }
}
